
Microsoft Visual Studio Solution File, Format Version 12.00
# Visual Studio Version 17
VisualStudioVersion = 17.5.002.0
MinimumVisualStudioVersion = 10.0.40219.1
Project("{9A19103F-16F7-4668-BE54-9A1E7A4F7556}") = "WA9", "WA9.csproj", "{3EAD5542-5A61-46EB-8F40-6EB86D3080A1}"
EndProject
Global
	GlobalSection(SolutionConfigurationPlatforms) = preSolution
		Debug|Any CPU = Debug|Any CPU
		Release|Any CPU = Release|Any CPU
	EndGlobalSection
	GlobalSection(ProjectConfigurationPlatforms) = postSolution
		{3EAD5542-5A61-46EB-8F40-6EB86D3080A1}.Debug|Any CPU.ActiveCfg = Debug|Any CPU
		{3EAD5542-5A61-46EB-8F40-6EB86D3080A1}.Debug|Any CPU.Build.0 = Debug|Any CPU
		{3EAD5542-5A61-46EB-8F40-6EB86D3080A1}.Release|Any CPU.ActiveCfg = Release|Any CPU
		{3EAD5542-5A61-46EB-8F40-6EB86D3080A1}.Release|Any CPU.Build.0 = Release|Any CPU
	EndGlobalSection
	GlobalSection(SolutionProperties) = preSolution
		HideSolutionNode = FALSE
	EndGlobalSection
	GlobalSection(ExtensibilityGlobals) = postSolution
		SolutionGuid = {81127180-EDA5-43B0-A54B-53545199FF20}
	EndGlobalSection
EndGlobal
